
Microsoft Visual Studio Solution File, Format Version 12.00
# Visual Studio 2013
VisualStudioVersion = 12.0.30501.0
MinimumVisualStudioVersion = 10.0.40219.1
Project("{FAE04EC0-301F-11D3-BF4B-00C04F79EFBC}") = "SignalRSelHost", "SignalRSelHost\SignalRSelHost.csproj", "{0FB5DFF3-D2C5-4939-801D-28D23E213C0F}"
EndProject
Project("{FAE04EC0-301F-11D3-BF4B-00C04F79EFBC}") = "MongoRepository", "..\..\..\GitHub\MongoRepository\MongoRepository\MongoRepository.csproj", "{FC7044F6-41B7-44A2-B6C3-0E72B29D7863}"
EndProject
Global
	GlobalSection(SolutionConfigurationPlatforms) = preSolution
		Debug|Any CPU = Debug|Any CPU
		Release|Any CPU = Release|Any CPU
	EndGlobalSection
	GlobalSection(ProjectConfigurationPlatforms) = postSolution
		{0FB5DFF3-D2C5-4939-801D-28D23E213C0F}.Debug|Any CPU.ActiveCfg = Debug|Any CPU
		{0FB5DFF3-D2C5-4939-801D-28D23E213C0F}.Debug|Any CPU.Build.0 = Debug|Any CPU
		{0FB5DFF3-D2C5-4939-801D-28D23E213C0F}.Release|Any CPU.ActiveCfg = Release|Any CPU
		{0FB5DFF3-D2C5-4939-801D-28D23E213C0F}.Release|Any CPU.Build.0 = Release|Any CPU
		{FC7044F6-41B7-44A2-B6C3-0E72B29D7863}.Debug|Any CPU.ActiveCfg = Debug|Any CPU
		{FC7044F6-41B7-44A2-B6C3-0E72B29D7863}.Debug|Any CPU.Build.0 = Debug|Any CPU
		{FC7044F6-41B7-44A2-B6C3-0E72B29D7863}.Release|Any CPU.ActiveCfg = Release|Any CPU
		{FC7044F6-41B7-44A2-B6C3-0E72B29D7863}.Release|Any CPU.Build.0 = Release|Any CPU
	EndGlobalSection
	GlobalSection(SolutionProperties) = preSolution
		HideSolutionNode = FALSE
	EndGlobalSection
EndGlobal
